
Microsoft Visual Studio Solution File, Format Version 12.00
# Visual Studio Version 17
VisualStudioVersion = 17.8.34525.116
MinimumVisualStudioVersion = 10.0.40219.1
Project("{9A19103F-16F7-4668-BE54-9A1E7A4F7556}") = "Entities", "Entities\Entities.csproj", "{7E7B0C98-3D69-47A3-8232-88814F675129}"
EndProject
Project("{9A19103F-16F7-4668-BE54-9A1E7A4F7556}") = "DataAccess", "DataAccess\DataAccess.csproj", "{EAD57E30-07D9-48D0-B0EF-FE9FCD9E9BEB}"
EndProject
Project("{9A19103F-16F7-4668-BE54-9A1E7A4F7556}") = "Business", "Business\Business.csproj", "{CBF168D0-34A6-4DC4-84C4-CE437F7F5E5E}"
EndProject
Project("{9A19103F-16F7-4668-BE54-9A1E7A4F7556}") = "Core", "Core\Core.csproj", "{5BA13D42-F2F7-43EB-BFDC-6E4C6C77B4D4}"
EndProject
Project("{9A19103F-16F7-4668-BE54-9A1E7A4F7556}") = "ConsoleUI", "ConsoleUI\ConsoleUI.csproj", "{F2DA0CC9-791E-4BDD-81DA-D2168CAA06F8}"
EndProject
Project("{FAE04EC0-301F-11D3-BF4B-00C04F79EFBC}") = "WebAPI", "WebAPI\WebAPI.csproj", "{9F173E65-FBD7-48F9-AA08-8DC28B324926}"
EndProject
Global
	GlobalSection(SolutionConfigurationPlatforms) = preSolution
		Debug|Any CPU = Debug|Any CPU
		Release|Any CPU = Release|Any CPU
	EndGlobalSection
	GlobalSection(ProjectConfigurationPlatforms) = postSolution
		{7E7B0C98-3D69-47A3-8232-88814F675129}.Debug|Any CPU.ActiveCfg = Debug|Any CPU
		{7E7B0C98-3D69-47A3-8232-88814F675129}.Debug|Any CPU.Build.0 = Debug|Any CPU
		{7E7B0C98-3D69-47A3-8232-88814F675129}.Release|Any CPU.ActiveCfg = Release|Any CPU
		{7E7B0C98-3D69-47A3-8232-88814F675129}.Release|Any CPU.Build.0 = Release|Any CPU
		{EAD57E30-07D9-48D0-B0EF-FE9FCD9E9BEB}.Debug|Any CPU.ActiveCfg = Debug|Any CPU
		{EAD57E30-07D9-48D0-B0EF-FE9FCD9E9BEB}.Debug|Any CPU.Build.0 = Debug|Any CPU
		{EAD57E30-07D9-48D0-B0EF-FE9FCD9E9BEB}.Release|Any CPU.ActiveCfg = Release|Any CPU
		{EAD57E30-07D9-48D0-B0EF-FE9FCD9E9BEB}.Release|Any CPU.Build.0 = Release|Any CPU
		{CBF168D0-34A6-4DC4-84C4-CE437F7F5E5E}.Debug|Any CPU.ActiveCfg = Debug|Any CPU
		{CBF168D0-34A6-4DC4-84C4-CE437F7F5E5E}.Debug|Any CPU.Build.0 = Debug|Any CPU
		{CBF168D0-34A6-4DC4-84C4-CE437F7F5E5E}.Release|Any CPU.ActiveCfg = Release|Any CPU
		{CBF168D0-34A6-4DC4-84C4-CE437F7F5E5E}.Release|Any CPU.Build.0 = Release|Any CPU
		{5BA13D42-F2F7-43EB-BFDC-6E4C6C77B4D4}.Debug|Any CPU.ActiveCfg = Debug|Any CPU
		{5BA13D42-F2F7-43EB-BFDC-6E4C6C77B4D4}.Debug|Any CPU.Build.0 = Debug|Any CPU
		{5BA13D42-F2F7-43EB-BFDC-6E4C6C77B4D4}.Release|Any CPU.ActiveCfg = Release|Any CPU
		{5BA13D42-F2F7-43EB-BFDC-6E4C6C77B4D4}.Release|Any CPU.Build.0 = Release|Any CPU
		{F2DA0CC9-791E-4BDD-81DA-D2168CAA06F8}.Debug|Any CPU.ActiveCfg = Debug|Any CPU
		{F2DA0CC9-791E-4BDD-81DA-D2168CAA06F8}.Debug|Any CPU.Build.0 = Debug|Any CPU
		{F2DA0CC9-791E-4BDD-81DA-D2168CAA06F8}.Release|Any CPU.ActiveCfg = Release|Any CPU
		{F2DA0CC9-791E-4BDD-81DA-D2168CAA06F8}.Release|Any CPU.Build.0 = Release|Any CPU
		{9F173E65-FBD7-48F9-AA08-8DC28B324926}.Debug|Any CPU.ActiveCfg = Debug|Any CPU
		{9F173E65-FBD7-48F9-AA08-8DC28B324926}.Debug|Any CPU.Build.0 = Debug|Any CPU
		{9F173E65-FBD7-48F9-AA08-8DC28B324926}.Release|Any CPU.ActiveCfg = Release|Any CPU
		{9F173E65-FBD7-48F9-AA08-8DC28B324926}.Release|Any CPU.Build.0 = Release|Any CPU
	EndGlobalSection
	GlobalSection(SolutionProperties) = preSolution
		HideSolutionNode = FALSE
	EndGlobalSection
	GlobalSection(ExtensibilityGlobals) = postSolution
		SolutionGuid = {BDD9A34D-57BC-449F-82C1-BF855EF4078E}
	EndGlobalSection
EndGlobal
